
Microsoft Visual Studio Solution File, Format Version 12.00
# Visual Studio Version 17
VisualStudioVersion = 17.2.32616.157
MinimumVisualStudioVersion = 10.0.40219.1
Project("{FAE04EC0-301F-11D3-BF4B-00C04F79EFBC}") = "Pagina", "Pagina\Pagina.csproj", "{357D7F5A-6AF4-435C-A621-CF7F645B63DA}"
EndProject
Global
	GlobalSection(SolutionConfigurationPlatforms) = preSolution
		Debug|Any CPU = Debug|Any CPU
		Release|Any CPU = Release|Any CPU
	EndGlobalSection
	GlobalSection(ProjectConfigurationPlatforms) = postSolution
		{357D7F5A-6AF4-435C-A621-CF7F645B63DA}.Debug|Any CPU.ActiveCfg = Debug|Any CPU
		{357D7F5A-6AF4-435C-A621-CF7F645B63DA}.Debug|Any CPU.Build.0 = Debug|Any CPU
		{357D7F5A-6AF4-435C-A621-CF7F645B63DA}.Release|Any CPU.ActiveCfg = Release|Any CPU
		{357D7F5A-6AF4-435C-A621-CF7F645B63DA}.Release|Any CPU.Build.0 = Release|Any CPU
	EndGlobalSection
	GlobalSection(SolutionProperties) = preSolution
		HideSolutionNode = FALSE
	EndGlobalSection
	GlobalSection(ExtensibilityGlobals) = postSolution
		SolutionGuid = {C3C8CA76-FEA3-4960-B5E6-870F3F3C4241}
	EndGlobalSection
EndGlobal
